
Microsoft Visual Studio Solution File, Format Version 12.00
# Visual Studio Version 17
VisualStudioVersion = 17.7.34024.191
MinimumVisualStudioVersion = 10.0.40219.1
Project("{9A19103F-16F7-4668-BE54-9A1E7A4F7556}") = "DesafioFundamentos", "DesafioFundamentos.csproj", "{6207EF06-EA69-4394-B15F-E9D57FA99BDD}"
EndProject
Global
	GlobalSection(SolutionConfigurationPlatforms) = preSolution
		Debug|Any CPU = Debug|Any CPU
		Release|Any CPU = Release|Any CPU
	EndGlobalSection
	GlobalSection(ProjectConfigurationPlatforms) = postSolution
		{6207EF06-EA69-4394-B15F-E9D57FA99BDD}.Debug|Any CPU.ActiveCfg = Debug|Any CPU
		{6207EF06-EA69-4394-B15F-E9D57FA99BDD}.Debug|Any CPU.Build.0 = Debug|Any CPU
		{6207EF06-EA69-4394-B15F-E9D57FA99BDD}.Release|Any CPU.ActiveCfg = Release|Any CPU
		{6207EF06-EA69-4394-B15F-E9D57FA99BDD}.Release|Any CPU.Build.0 = Release|Any CPU
	EndGlobalSection
	GlobalSection(SolutionProperties) = preSolution
		HideSolutionNode = FALSE
	EndGlobalSection
	GlobalSection(ExtensibilityGlobals) = postSolution
		SolutionGuid = {DC31F8C6-CD15-4479-894A-6AF89C1CA400}
	EndGlobalSection
EndGlobal
